
Microsoft Visual Studio Solution File, Format Version 12.00
# Visual Studio Version 17
VisualStudioVersion = 17.4.33205.214
MinimumVisualStudioVersion = 10.0.40219.1
Project("{9A19103F-16F7-4668-BE54-9A1E7A4F7556}") = "WC3Plugin", "WC3Plugin\WC3Plugin.csproj", "{3D12D44C-BAB1-4459-87D5-97CC1119B046}"
EndProject
Project("{FAE04EC0-301F-11D3-BF4B-00C04F79EFBC}") = "Test", "Test\Test.csproj", "{65FA70E6-72FB-4788-8009-71F37B6F4688}"
EndProject
Global
	GlobalSection(SolutionConfigurationPlatforms) = preSolution
		Debug|Any CPU = Debug|Any CPU
		Release|Any CPU = Release|Any CPU
	EndGlobalSection
	GlobalSection(ProjectConfigurationPlatforms) = postSolution
		{3D12D44C-BAB1-4459-87D5-97CC1119B046}.Debug|Any CPU.ActiveCfg = Debug|Any CPU
		{3D12D44C-BAB1-4459-87D5-97CC1119B046}.Debug|Any CPU.Build.0 = Debug|Any CPU
		{3D12D44C-BAB1-4459-87D5-97CC1119B046}.Release|Any CPU.ActiveCfg = Release|Any CPU
		{3D12D44C-BAB1-4459-87D5-97CC1119B046}.Release|Any CPU.Build.0 = Release|Any CPU
		{65FA70E6-72FB-4788-8009-71F37B6F4688}.Debug|Any CPU.ActiveCfg = Debug|Any CPU
		{65FA70E6-72FB-4788-8009-71F37B6F4688}.Debug|Any CPU.Build.0 = Debug|Any CPU
		{65FA70E6-72FB-4788-8009-71F37B6F4688}.Release|Any CPU.ActiveCfg = Release|Any CPU
		{65FA70E6-72FB-4788-8009-71F37B6F4688}.Release|Any CPU.Build.0 = Release|Any CPU
	EndGlobalSection
	GlobalSection(SolutionProperties) = preSolution
		HideSolutionNode = FALSE
	EndGlobalSection
	GlobalSection(ExtensibilityGlobals) = postSolution
		SolutionGuid = {3D057BC3-F038-4D64-AB9D-A97AFA48243D}
	EndGlobalSection
EndGlobal
